
Microsoft Visual Studio Solution File, Format Version 12.00
# Visual Studio Version 16
VisualStudioVersion = 25.0.1705.3
MinimumVisualStudioVersion = 10.0.40219.1
Project("{FAE04EC0-301F-11D3-BF4B-00C04F79EFBC}") = "Ejercicio2", "Ejercicio2\Ejercicio2.csproj", "{491AC52A-70FE-495E-9B4D-268941D7976C}"
EndProject
Global
	GlobalSection(SolutionConfigurationPlatforms) = preSolution
		Debug|Any CPU = Debug|Any CPU
		Release|Any CPU = Release|Any CPU
	EndGlobalSection
	GlobalSection(ProjectConfigurationPlatforms) = postSolution
		{491AC52A-70FE-495E-9B4D-268941D7976C}.Debug|Any CPU.ActiveCfg = Debug|Any CPU
		{491AC52A-70FE-495E-9B4D-268941D7976C}.Debug|Any CPU.Build.0 = Debug|Any CPU
		{491AC52A-70FE-495E-9B4D-268941D7976C}.Release|Any CPU.ActiveCfg = Release|Any CPU
		{491AC52A-70FE-495E-9B4D-268941D7976C}.Release|Any CPU.Build.0 = Release|Any CPU
	EndGlobalSection
	GlobalSection(SolutionProperties) = preSolution
		HideSolutionNode = FALSE
	EndGlobalSection
	GlobalSection(ExtensibilityGlobals) = postSolution
		SolutionGuid = {5500F640-5DB1-452F-833D-5DCE3AE8CF65}
	EndGlobalSection
EndGlobal
